
Microsoft Visual Studio Solution File, Format Version 12.00
# Visual Studio Version 16
VisualStudioVersion = 16.0.29025.244
MinimumVisualStudioVersion = 10.0.40219.1
Project("{8BC9CEB8-8B4A-11D0-8D11-00A0C91BC942}") = "practica 9 de progra act1", "practica 9 de progra act1\practica 9 de progra act1.vcxproj", "{4B65E8AF-DB93-4F53-8E9B-C9C4A8BDE11D}"
EndProject
Global
	GlobalSection(SolutionConfigurationPlatforms) = preSolution
		Debug|x64 = Debug|x64
		Debug|x86 = Debug|x86
		Release|x64 = Release|x64
		Release|x86 = Release|x86
	EndGlobalSection
	GlobalSection(ProjectConfigurationPlatforms) = postSolution
		{4B65E8AF-DB93-4F53-8E9B-C9C4A8BDE11D}.Debug|x64.ActiveCfg = Debug|x64
		{4B65E8AF-DB93-4F53-8E9B-C9C4A8BDE11D}.Debug|x64.Build.0 = Debug|x64
		{4B65E8AF-DB93-4F53-8E9B-C9C4A8BDE11D}.Debug|x86.ActiveCfg = Debug|Win32
		{4B65E8AF-DB93-4F53-8E9B-C9C4A8BDE11D}.Debug|x86.Build.0 = Debug|Win32
		{4B65E8AF-DB93-4F53-8E9B-C9C4A8BDE11D}.Release|x64.ActiveCfg = Release|x64
		{4B65E8AF-DB93-4F53-8E9B-C9C4A8BDE11D}.Release|x64.Build.0 = Release|x64
		{4B65E8AF-DB93-4F53-8E9B-C9C4A8BDE11D}.Release|x86.ActiveCfg = Release|Win32
		{4B65E8AF-DB93-4F53-8E9B-C9C4A8BDE11D}.Release|x86.Build.0 = Release|Win32
	EndGlobalSection
	GlobalSection(SolutionProperties) = preSolution
		HideSolutionNode = FALSE
	EndGlobalSection
	GlobalSection(ExtensibilityGlobals) = postSolution
		SolutionGuid = {A643647A-217D-4473-BD76-01792EF43E31}
	EndGlobalSection
EndGlobal
